
Microsoft Visual Studio Solution File, Format Version 12.00
# Visual Studio Version 16
VisualStudioVersion = 16.0.30413.136
MinimumVisualStudioVersion = 10.0.40219.1
Project("{FAE04EC0-301F-11D3-BF4B-00C04F79EFBC}") = "ArraysAndStrings", "ArraysAndStrings.csproj", "{6E91C547-350D-4117-8358-B7728C4F0026}"
EndProject
Project("{FAE04EC0-301F-11D3-BF4B-00C04F79EFBC}") = "ArraysAndStringsTests", "..\ArraysAndStringsTests\ArraysAndStringsTests.csproj", "{3967B68F-DCA1-440D-9315-33DEF3B3A0F3}"
EndProject
Global
	GlobalSection(SolutionConfigurationPlatforms) = preSolution
		Debug|Any CPU = Debug|Any CPU
		Release|Any CPU = Release|Any CPU
	EndGlobalSection
	GlobalSection(ProjectConfigurationPlatforms) = postSolution
		{6E91C547-350D-4117-8358-B7728C4F0026}.Debug|Any CPU.ActiveCfg = Debug|Any CPU
		{6E91C547-350D-4117-8358-B7728C4F0026}.Debug|Any CPU.Build.0 = Debug|Any CPU
		{6E91C547-350D-4117-8358-B7728C4F0026}.Release|Any CPU.ActiveCfg = Release|Any CPU
		{6E91C547-350D-4117-8358-B7728C4F0026}.Release|Any CPU.Build.0 = Release|Any CPU
		{3967B68F-DCA1-440D-9315-33DEF3B3A0F3}.Debug|Any CPU.ActiveCfg = Debug|Any CPU
		{3967B68F-DCA1-440D-9315-33DEF3B3A0F3}.Debug|Any CPU.Build.0 = Debug|Any CPU
		{3967B68F-DCA1-440D-9315-33DEF3B3A0F3}.Release|Any CPU.ActiveCfg = Release|Any CPU
		{3967B68F-DCA1-440D-9315-33DEF3B3A0F3}.Release|Any CPU.Build.0 = Release|Any CPU
	EndGlobalSection
	GlobalSection(SolutionProperties) = preSolution
		HideSolutionNode = FALSE
	EndGlobalSection
	GlobalSection(ExtensibilityGlobals) = postSolution
		SolutionGuid = {B6E25ADC-711A-4C6E-AE4B-6EC1080278FB}
	EndGlobalSection
EndGlobal
